
Microsoft Visual Studio Solution File, Format Version 12.00
# Visual Studio 15
VisualStudioVersion = 15.0.27130.2010
MinimumVisualStudioVersion = 10.0.40219.1
Project("{FAE04EC0-301F-11D3-BF4B-00C04F79EFBC}") = "HRApp", "HRApp\HRApp.csproj", "{137BA3A9-F32D-4339-AE6F-ED41A139FF34}"
EndProject
Project("{FAE04EC0-301F-11D3-BF4B-00C04F79EFBC}") = "HRApp.Tests", "HRApp.Tests\HRApp.Tests.csproj", "{8A0E9D84-46B7-4AA8-905F-5E0B780BF189}"
EndProject
Global
	GlobalSection(SolutionConfigurationPlatforms) = preSolution
		Debug|Any CPU = Debug|Any CPU
		Release|Any CPU = Release|Any CPU
	EndGlobalSection
	GlobalSection(ProjectConfigurationPlatforms) = postSolution
		{137BA3A9-F32D-4339-AE6F-ED41A139FF34}.Debug|Any CPU.ActiveCfg = Debug|Any CPU
		{137BA3A9-F32D-4339-AE6F-ED41A139FF34}.Debug|Any CPU.Build.0 = Debug|Any CPU
		{137BA3A9-F32D-4339-AE6F-ED41A139FF34}.Release|Any CPU.ActiveCfg = Release|Any CPU
		{137BA3A9-F32D-4339-AE6F-ED41A139FF34}.Release|Any CPU.Build.0 = Release|Any CPU
		{8A0E9D84-46B7-4AA8-905F-5E0B780BF189}.Debug|Any CPU.ActiveCfg = Debug|Any CPU
		{8A0E9D84-46B7-4AA8-905F-5E0B780BF189}.Debug|Any CPU.Build.0 = Debug|Any CPU
		{8A0E9D84-46B7-4AA8-905F-5E0B780BF189}.Release|Any CPU.ActiveCfg = Release|Any CPU
		{8A0E9D84-46B7-4AA8-905F-5E0B780BF189}.Release|Any CPU.Build.0 = Release|Any CPU
	EndGlobalSection
	GlobalSection(SolutionProperties) = preSolution
		HideSolutionNode = FALSE
	EndGlobalSection
	GlobalSection(ExtensibilityGlobals) = postSolution
		SolutionGuid = {D7749E0D-B129-4BDF-A679-AE214228C33A}
	EndGlobalSection
EndGlobal
